{
  "version": "4",
  "specifiers": {
    "npm:@primevue/core@^4.2.5": "4.2.5_vue@3.5.13__typescript@5.6.3_typescript@5.6.3",
    "npm:@primevue/themes@^4.2.5": "4.2.5",
    "npm:@vitejs/plugin-vue@^5.1.4": "5.2.1_vite@5.4.11_vue@3.5.13__typescript@5.6.3_typescript@5.6.3",
    "npm:chart.js@^4.4.7": "4.4.7",
    "npm:primeicons@7": "7.0.0",
    "npm:primevue@^4.2.5": "4.2.5_vue@3.5.13__typescript@5.6.3_typescript@5.6.3",
    "npm:sass-embedded@^1.83.4": "1.83.4",
    "npm:typescript@~5.6.2": "5.6.3",
    "npm:vite@^5.4.10": "5.4.11",
    "npm:vue-tsc@^2.1.8": "2.2.0_typescript@5.6.3",
    "npm:vue@^3.5.12": "3.5.13_typescript@5.6.3",
    "npm:vuex@^4.1.0": "4.1.0_vue@3.5.13__typescript@5.6.3_typescript@5.6.3"
  },
  "npm": {
    "@babel/helper-string-parser@7.25.9": {
      "integrity": "sha512-4A/SCr/2KLd5jrtOMFzaKjVtAei3+2r/NChoBNoZ3EyP/+GlhoaEGoWOZUmFmoITP7zOJyHIMm+DYRd8o3PvHA=="
    },
    "@babel/helper-validator-identifier@7.25.9": {
      "integrity": "sha512-Ed61U6XJc3CVRfkERJWDz4dJwKe7iLmmJsbOGu9wSloNSFttHV0I8g6UAgb7qnK5ly5bGLPd4oXZlxCdANBOWQ=="
    },
    "@babel/parser@7.26.3": {
      "integrity": "sha512-WJ/CvmY8Mea8iDXo6a7RK2wbmJITT5fN3BEkRuFlxVyNx8jOKIIhmC4fSkTcPcf8JyavbBwIe6OpiCOBXt/IcA==",
      "dependencies": [
        "@babel/types"
      ]
    },
    "@babel/types@7.26.3": {
      "integrity": "sha512-vN5p+1kl59GVKMvTHt55NzzmYVxprfJD+ql7U9NFIfKCBkYE55LYtS+WtPlaYOyzydrKI8Nezd+aZextrd+FMA==",
      "dependencies": [
        "@babel/helper-string-parser",
        "@babel/helper-validator-identifier"
      ]
    },
    "@bufbuild/protobuf@2.2.3": {
      "integrity": "sha512-tFQoXHJdkEOSwj5tRIZSPNUuXK3RaR7T1nUrPgbYX1pUbvqqaaZAsfo+NXBPsz5rZMSKVFrgK1WL8Q/MSLvprg=="
    },
    "@esbuild/aix-ppc64@0.21.5": {
      "integrity": "sha512-1SDgH6ZSPTlggy1yI6+Dbkiz8xzpHJEVAlF/AM1tHPLsf5STom9rwtjE4hKAF20FfXXNTFqEYXyJNWh1GiZedQ=="
    },
    "@esbuild/android-arm64@0.21.5": {
      "integrity": "sha512-c0uX9VAUBQ7dTDCjq+wdyGLowMdtR/GoC2U5IYk/7D1H1JYC0qseD7+11iMP2mRLN9RcCMRcjC4YMclCzGwS/A=="
    },
    "@esbuild/android-arm@0.21.5": {
      "integrity": "sha512-vCPvzSjpPHEi1siZdlvAlsPxXl7WbOVUBBAowWug4rJHb68Ox8KualB+1ocNvT5fjv6wpkX6o/iEpbDrf68zcg=="
    },
    "@esbuild/android-x64@0.21.5": {
      "integrity": "sha512-D7aPRUUNHRBwHxzxRvp856rjUHRFW1SdQATKXH2hqA0kAZb1hKmi02OpYRacl0TxIGz/ZmXWlbZgjwWYaCakTA=="
    },
    "@esbuild/darwin-arm64@0.21.5": {
      "integrity": "sha512-DwqXqZyuk5AiWWf3UfLiRDJ5EDd49zg6O9wclZ7kUMv2WRFr4HKjXp/5t8JZ11QbQfUS6/cRCKGwYhtNAY88kQ=="
    },
    "@esbuild/darwin-x64@0.21.5": {
      "integrity": "sha512-se/JjF8NlmKVG4kNIuyWMV/22ZaerB+qaSi5MdrXtd6R08kvs2qCN4C09miupktDitvh8jRFflwGFBQcxZRjbw=="
    },
    "@esbuild/freebsd-arm64@0.21.5": {
      "integrity": "sha512-5JcRxxRDUJLX8JXp/wcBCy3pENnCgBR9bN6JsY4OmhfUtIHe3ZW0mawA7+RDAcMLrMIZaf03NlQiX9DGyB8h4g=="
    },
    "@esbuild/freebsd-x64@0.21.5": {
      "integrity": "sha512-J95kNBj1zkbMXtHVH29bBriQygMXqoVQOQYA+ISs0/2l3T9/kj42ow2mpqerRBxDJnmkUDCaQT/dfNXWX/ZZCQ=="
    },
    "@esbuild/linux-arm64@0.21.5": {
      "integrity": "sha512-ibKvmyYzKsBeX8d8I7MH/TMfWDXBF3db4qM6sy+7re0YXya+K1cem3on9XgdT2EQGMu4hQyZhan7TeQ8XkGp4Q=="
    },
    "@esbuild/linux-arm@0.21.5": {
      "integrity": "sha512-bPb5AHZtbeNGjCKVZ9UGqGwo8EUu4cLq68E95A53KlxAPRmUyYv2D6F0uUI65XisGOL1hBP5mTronbgo+0bFcA=="
    },
    "@esbuild/linux-ia32@0.21.5": {
      "integrity": "sha512-YvjXDqLRqPDl2dvRODYmmhz4rPeVKYvppfGYKSNGdyZkA01046pLWyRKKI3ax8fbJoK5QbxblURkwK/MWY18Tg=="
    },
    "@esbuild/linux-loong64@0.21.5": {
      "integrity": "sha512-uHf1BmMG8qEvzdrzAqg2SIG/02+4/DHB6a9Kbya0XDvwDEKCoC8ZRWI5JJvNdUjtciBGFQ5PuBlpEOXQj+JQSg=="
    },
    "@esbuild/linux-mips64el@0.21.5": {
      "integrity": "sha512-IajOmO+KJK23bj52dFSNCMsz1QP1DqM6cwLUv3W1QwyxkyIWecfafnI555fvSGqEKwjMXVLokcV5ygHW5b3Jbg=="
    },
    "@esbuild/linux-ppc64@0.21.5": {
      "integrity": "sha512-1hHV/Z4OEfMwpLO8rp7CvlhBDnjsC3CttJXIhBi+5Aj5r+MBvy4egg7wCbe//hSsT+RvDAG7s81tAvpL2XAE4w=="
    },
    "@esbuild/linux-riscv64@0.21.5": {
      "integrity": "sha512-2HdXDMd9GMgTGrPWnJzP2ALSokE/0O5HhTUvWIbD3YdjME8JwvSCnNGBnTThKGEB91OZhzrJ4qIIxk/SBmyDDA=="
    },
    "@esbuild/linux-s390x@0.21.5": {
      "integrity": "sha512-zus5sxzqBJD3eXxwvjN1yQkRepANgxE9lgOW2qLnmr8ikMTphkjgXu1HR01K4FJg8h1kEEDAqDcZQtbrRnB41A=="
    },
    "@esbuild/linux-x64@0.21.5": {
      "integrity": "sha512-1rYdTpyv03iycF1+BhzrzQJCdOuAOtaqHTWJZCWvijKD2N5Xu0TtVC8/+1faWqcP9iBCWOmjmhoH94dH82BxPQ=="
    },
    "@esbuild/netbsd-x64@0.21.5": {
      "integrity": "sha512-Woi2MXzXjMULccIwMnLciyZH4nCIMpWQAs049KEeMvOcNADVxo0UBIQPfSmxB3CWKedngg7sWZdLvLczpe0tLg=="
    },
    "@esbuild/openbsd-x64@0.21.5": {
      "integrity": "sha512-HLNNw99xsvx12lFBUwoT8EVCsSvRNDVxNpjZ7bPn947b8gJPzeHWyNVhFsaerc0n3TsbOINvRP2byTZ5LKezow=="
    },
    "@esbuild/sunos-x64@0.21.5": {
      "integrity": "sha512-6+gjmFpfy0BHU5Tpptkuh8+uw3mnrvgs+dSPQXQOv3ekbordwnzTVEb4qnIvQcYXq6gzkyTnoZ9dZG+D4garKg=="
    },
    "@esbuild/win32-arm64@0.21.5": {
      "integrity": "sha512-Z0gOTd75VvXqyq7nsl93zwahcTROgqvuAcYDUr+vOv8uHhNSKROyU961kgtCD1e95IqPKSQKH7tBTslnS3tA8A=="
    },
    "@esbuild/win32-ia32@0.21.5": {
      "integrity": "sha512-SWXFF1CL2RVNMaVs+BBClwtfZSvDgtL//G/smwAc5oVK/UPu2Gu9tIaRgFmYFFKrmg3SyAjSrElf0TiJ1v8fYA=="
    },
    "@esbuild/win32-x64@0.21.5": {
      "integrity": "sha512-tQd/1efJuzPC6rCFwEvLtci/xNFcTZknmXs98FYDfGE4wP9ClFV98nyKrzJKVPMhdDnjzLhdUyMX4PsQAPjwIw=="
    },
    "@jridgewell/sourcemap-codec@1.5.0": {
      "integrity": "sha512-gv3ZRaISU3fjPAgNsriBRqGWQL6quFx04YMPW/zD8XMLsU32mhCCbfbO6KZFLjvYpCZ8zyDEgqsgf+PwPaM7GQ=="
    },
    "@kurkle/color@0.3.4": {
      "integrity": "sha512-M5UknZPHRu3DEDWoipU6sE8PdkZ6Z/S+v4dD+Ke8IaNlpdSQah50lz1KtcFBa2vsdOnwbbnxJwVM4wty6udA5w=="
    },
    "@primeuix/styled@0.3.2": {
      "integrity": "sha512-ColZes0+/WKqH4ob2x8DyNYf1NENpe5ZguOvx5yCLxaP8EIMVhLjWLO/3umJiDnQU4XXMLkn2mMHHw+fhTX/mw==",
      "dependencies": [
        "@primeuix/utils"
      ]
    },
    "@primeuix/utils@0.3.2": {
      "integrity": "sha512-B+nphqTQeq+i6JuICLdVWnDMjONome2sNz0xI65qIOyeB4EF12CoKRiCsxuZ5uKAkHi/0d1LqlQ9mIWRSdkavw=="
    },
    "@primevue/core@4.2.5_vue@3.5.13__typescript@5.6.3_typescript@5.6.3": {
      "integrity": "sha512-+oWBIQs5dLd2Ini4KEVOlvPILk989EHAskiFS3R/dz3jeOllJDMZFcSp8V9ddV0R3yDaPdLVkfHm2Q5t42kU2Q==",
      "dependencies": [
        "@primeuix/styled",
        "@primeuix/utils",
        "vue"
      ]
    },
    "@primevue/icons@4.2.5_vue@3.5.13__typescript@5.6.3_typescript@5.6.3": {
      "integrity": "sha512-WFbUMZhQkXf/KmwcytkjGVeJ9aGEDXjP3uweOjQZMmRdEIxFnqYYpd90wE90JE1teZn3+TVnT4ZT7ejGyEXnFQ==",
      "dependencies": [
        "@primeuix/utils",
        "@primevue/core"
      ]
    },
    "@primevue/themes@4.2.5": {
      "integrity": "sha512-8F7yA36xYIKtNuAuyBdZZEks/bKDwlhH5WjpqGGB0FdwfAEoBYsynQ5sdqcT2Lb/NsajHmS5lc++Ttlvr1g1Lw==",
      "dependencies": [
        "@primeuix/styled"
      ]
    },
    "@rollup/rollup-android-arm-eabi@4.29.1": {
      "integrity": "sha512-ssKhA8RNltTZLpG6/QNkCSge+7mBQGUqJRisZ2MDQcEGaK93QESEgWK2iOpIDZ7k9zPVkG5AS3ksvD5ZWxmItw=="
    },
    "@rollup/rollup-android-arm64@4.29.1": {
      "integrity": "sha512-CaRfrV0cd+NIIcVVN/jx+hVLN+VRqnuzLRmfmlzpOzB87ajixsN/+9L5xNmkaUUvEbI5BmIKS+XTwXsHEb65Ew=="
    },
    "@rollup/rollup-darwin-arm64@4.29.1": {
      "integrity": "sha512-2ORr7T31Y0Mnk6qNuwtyNmy14MunTAMx06VAPI6/Ju52W10zk1i7i5U3vlDRWjhOI5quBcrvhkCHyF76bI7kEw=="
    },
    "@rollup/rollup-darwin-x64@4.29.1": {
      "integrity": "sha512-j/Ej1oanzPjmN0tirRd5K2/nncAhS9W6ICzgxV+9Y5ZsP0hiGhHJXZ2JQ53iSSjj8m6cRY6oB1GMzNn2EUt6Ng=="
    },
    "@rollup/rollup-freebsd-arm64@4.29.1": {
      "integrity": "sha512-91C//G6Dm/cv724tpt7nTyP+JdN12iqeXGFM1SqnljCmi5yTXriH7B1r8AD9dAZByHpKAumqP1Qy2vVNIdLZqw=="
    },
    "@rollup/rollup-freebsd-x64@4.29.1": {
      "integrity": "sha512-hEioiEQ9Dec2nIRoeHUP6hr1PSkXzQaCUyqBDQ9I9ik4gCXQZjJMIVzoNLBRGet+hIUb3CISMh9KXuCcWVW/8w=="
    },
    "@rollup/rollup-linux-arm-gnueabihf@4.29.1": {
      "integrity": "sha512-Py5vFd5HWYN9zxBv3WMrLAXY3yYJ6Q/aVERoeUFwiDGiMOWsMs7FokXihSOaT/PMWUty/Pj60XDQndK3eAfE6A=="
    },
    "@rollup/rollup-linux-arm-musleabihf@4.29.1": {
      "integrity": "sha512-RiWpGgbayf7LUcuSNIbahr0ys2YnEERD4gYdISA06wa0i8RALrnzflh9Wxii7zQJEB2/Eh74dX4y/sHKLWp5uQ=="
    },
    "@rollup/rollup-linux-arm64-gnu@4.29.1": {
      "integrity": "sha512-Z80O+taYxTQITWMjm/YqNoe9d10OX6kDh8X5/rFCMuPqsKsSyDilvfg+vd3iXIqtfmp+cnfL1UrYirkaF8SBZA=="
    },
    "@rollup/rollup-linux-arm64-musl@4.29.1": {
      "integrity": "sha512-fOHRtF9gahwJk3QVp01a/GqS4hBEZCV1oKglVVq13kcK3NeVlS4BwIFzOHDbmKzt3i0OuHG4zfRP0YoG5OF/rA=="
    },
    "@rollup/rollup-linux-loongarch64-gnu@4.29.1": {
      "integrity": "sha512-5a7q3tnlbcg0OodyxcAdrrCxFi0DgXJSoOuidFUzHZ2GixZXQs6Tc3CHmlvqKAmOs5eRde+JJxeIf9DonkmYkw=="
    },
    "@rollup/rollup-linux-powerpc64le-gnu@4.29.1": {
      "integrity": "sha512-9b4Mg5Yfz6mRnlSPIdROcfw1BU22FQxmfjlp/CShWwO3LilKQuMISMTtAu/bxmmrE6A902W2cZJuzx8+gJ8e9w=="
    },
    "@rollup/rollup-linux-riscv64-gnu@4.29.1": {
      "integrity": "sha512-G5pn0NChlbRM8OJWpJFMX4/i8OEU538uiSv0P6roZcbpe/WfhEO+AT8SHVKfp8qhDQzaz7Q+1/ixMy7hBRidnQ=="
    },
    "@rollup/rollup-linux-s390x-gnu@4.29.1": {
      "integrity": "sha512-WM9lIkNdkhVwiArmLxFXpWndFGuOka4oJOZh8EP3Vb8q5lzdSCBuhjavJsw68Q9AKDGeOOIHYzYm4ZFvmWez5g=="
    },
    "@rollup/rollup-linux-x64-gnu@4.29.1": {
      "integrity": "sha512-87xYCwb0cPGZFoGiErT1eDcssByaLX4fc0z2nRM6eMtV9njAfEE6OW3UniAoDhX4Iq5xQVpE6qO9aJbCFumKYQ=="
    },
    "@rollup/rollup-linux-x64-musl@4.29.1": {
      "integrity": "sha512-xufkSNppNOdVRCEC4WKvlR1FBDyqCSCpQeMMgv9ZyXqqtKBfkw1yfGMTUTs9Qsl6WQbJnsGboWCp7pJGkeMhKA=="
    },
    "@rollup/rollup-win32-arm64-msvc@4.29.1": {
      "integrity": "sha512-F2OiJ42m77lSkizZQLuC+jiZ2cgueWQL5YC9tjo3AgaEw+KJmVxHGSyQfDUoYR9cci0lAywv2Clmckzulcq6ig=="
    },
    "@rollup/rollup-win32-ia32-msvc@4.29.1": {
      "integrity": "sha512-rYRe5S0FcjlOBZQHgbTKNrqxCBUmgDJem/VQTCcTnA2KCabYSWQDrytOzX7avb79cAAweNmMUb/Zw18RNd4mng=="
    },
    "@rollup/rollup-win32-x64-msvc@4.29.1": {
      "integrity": "sha512-+10CMg9vt1MoHj6x1pxyjPSMjHTIlqs8/tBztXvPAx24SKs9jwVnKqHJumlH/IzhaPUaj3T6T6wfZr8okdXaIg=="
    },
    "@types/estree@1.0.6": {
      "integrity": "sha512-AYnb1nQyY49te+VRAVgmzfcgjYS91mY5P0TKUDCLEM+gNnA+3T6rWITXRLYCpahpqSQbN5cE+gHpnPyXjHWxcw=="
    },
    "@vitejs/plugin-vue@5.2.1_vite@5.4.11_vue@3.5.13__typescript@5.6.3_typescript@5.6.3": {
      "integrity": "sha512-cxh314tzaWwOLqVes2gnnCtvBDcM1UMdn+iFR+UjAn411dPT3tOmqrJjbMd7koZpMAmBM/GqeV4n9ge7JSiJJQ==",
      "dependencies": [
        "vite",
        "vue"
      ]
    },
    "@volar/language-core@2.4.11": {
      "integrity": "sha512-lN2C1+ByfW9/JRPpqScuZt/4OrUUse57GLI6TbLgTIqBVemdl1wNcZ1qYGEo2+Gw8coYLgCy7SuKqn6IrQcQgg==",
      "dependencies": [
        "@volar/source-map"
      ]
    },
    "@volar/source-map@2.4.11": {
      "integrity": "sha512-ZQpmafIGvaZMn/8iuvCFGrW3smeqkq/IIh9F1SdSx9aUl0J4Iurzd6/FhmjNO5g2ejF3rT45dKskgXWiofqlZQ=="
    },
    "@volar/typescript@2.4.11": {
      "integrity": "sha512-2DT+Tdh88Spp5PyPbqhyoYavYCPDsqbHLFwcUI9K1NlY1YgUJvujGdrqUp0zWxnW7KWNTr3xSpMuv2WnaTKDAw==",
      "dependencies": [
        "@volar/language-core",
        "path-browserify",
        "vscode-uri"
      ]
    },
    "@vue/compiler-core@3.5.13": {
      "integrity": "sha512-oOdAkwqUfW1WqpwSYJce06wvt6HljgY3fGeM9NcVA1HaYOij3mZG9Rkysn0OHuyUAGMbEbARIpsG+LPVlBJ5/Q==",
      "dependencies": [
        "@babel/parser",
        "@vue/shared",
        "entities",
        "estree-walker",
        "source-map-js"
      ]
    },
    "@vue/compiler-dom@3.5.13": {
      "integrity": "sha512-ZOJ46sMOKUjO3e94wPdCzQ6P1Lx/vhp2RSvfaab88Ajexs0AHeV0uasYhi99WPaogmBlRHNRuly8xV75cNTMDA==",
      "dependencies": [
        "@vue/compiler-core",
        "@vue/shared"
      ]
    },
    "@vue/compiler-sfc@3.5.13": {
      "integrity": "sha512-6VdaljMpD82w6c2749Zhf5T9u5uLBWKnVue6XWxprDobftnletJ8+oel7sexFfM3qIxNmVE7LSFGTpv6obNyaQ==",
      "dependencies": [
        "@babel/parser",
        "@vue/compiler-core",
        "@vue/compiler-dom",
        "@vue/compiler-ssr",
        "@vue/shared",
        "estree-walker",
        "magic-string",
        "postcss",
        "source-map-js"
      ]
    },
    "@vue/compiler-ssr@3.5.13": {
      "integrity": "sha512-wMH6vrYHxQl/IybKJagqbquvxpWCuVYpoUJfCqFZwa/JY1GdATAQ+TgVtgrwwMZ0D07QhA99rs/EAAWfvG6KpA==",
      "dependencies": [
        "@vue/compiler-dom",
        "@vue/shared"
      ]
    },
    "@vue/compiler-vue2@2.7.16": {
      "integrity": "sha512-qYC3Psj9S/mfu9uVi5WvNZIzq+xnXMhOwbTFKKDD7b1lhpnn71jXSFdTQ+WsIEk0ONCd7VV2IMm7ONl6tbQ86A==",
      "dependencies": [
        "de-indent",
        "he"
      ]
    },
    "@vue/devtools-api@6.6.4": {
      "integrity": "sha512-sGhTPMuXqZ1rVOk32RylztWkfXTRhuS7vgAKv0zjqk8gbsHkJ7xfFf+jbySxt7tWObEJwyKaHMikV/WGDiQm8g=="
    },
    "@vue/language-core@2.2.0_typescript@5.6.3": {
      "integrity": "sha512-O1ZZFaaBGkKbsRfnVH1ifOK1/1BUkyK+3SQsfnh6PmMmD4qJcTU8godCeA96jjDRTL6zgnK7YzCHfaUlH2r0Mw==",
      "dependencies": [
        "@volar/language-core",
        "@vue/compiler-dom",
        "@vue/compiler-vue2",
        "@vue/shared",
        "alien-signals",
        "minimatch",
        "muggle-string",
        "path-browserify",
        "typescript"
      ]
    },
    "@vue/reactivity@3.5.13": {
      "integrity": "sha512-NaCwtw8o48B9I6L1zl2p41OHo/2Z4wqYGGIK1Khu5T7yxrn+ATOixn/Udn2m+6kZKB/J7cuT9DbWWhRxqixACg==",
      "dependencies": [
        "@vue/shared"
      ]
    },
    "@vue/runtime-core@3.5.13": {
      "integrity": "sha512-Fj4YRQ3Az0WTZw1sFe+QDb0aXCerigEpw418pw1HBUKFtnQHWzwojaukAs2X/c9DQz4MQ4bsXTGlcpGxU/RCIw==",
      "dependencies": [
        "@vue/reactivity",
        "@vue/shared"
      ]
    },
    "@vue/runtime-dom@3.5.13": {
      "integrity": "sha512-dLaj94s93NYLqjLiyFzVs9X6dWhTdAlEAciC3Moq7gzAc13VJUdCnjjRurNM6uTLFATRHexHCTu/Xp3eW6yoog==",
      "dependencies": [
        "@vue/reactivity",
        "@vue/runtime-core",
        "@vue/shared",
        "csstype"
      ]
    },
    "@vue/server-renderer@3.5.13_vue@3.5.13__typescript@5.6.3": {
      "integrity": "sha512-wAi4IRJV/2SAW3htkTlB+dHeRmpTiVIK1OGLWV1yeStVSebSQQOwGwIq0D3ZIoBj2C2qpgz5+vX9iEBkTdk5YA==",
      "dependencies": [
        "@vue/compiler-ssr",
        "@vue/shared",
        "vue"
      ]
    },
    "@vue/shared@3.5.13": {
      "integrity": "sha512-/hnE/qP5ZoGpol0a5mDi45bOd7t3tjYJBjsgCsivow7D48cJeV5l05RD82lPqi7gRiphZM37rnhW1l6ZoCNNnQ=="
    },
    "alien-signals@0.4.9": {
      "integrity": "sha512-piRGlMgQ65uRiY06mGU7I432AwPwAGf64TK1RXtM1Px4pPfLMTGI9TmsHTfioW1GukZRsNzkVQ/uHjhhd231Ow=="
    },
    "balanced-match@1.0.2": {
      "integrity": "sha512-3oSeUO0TMV67hN1AmbXsK4yaqU7tjiHlbxRDZOpH0KW9+CeX4bRAaX0Anxt0tx2MrpRpWwQaPwIlISEJhYU5Pw=="
    },
    "brace-expansion@2.0.1": {
      "integrity": "sha512-XnAIvQ8eM+kC6aULx6wuQiwVsnzsi9d3WxzV3FpWTGA19F621kwdbsAcFKXgKUHZWsy+mY6iL1sHTxWEFCytDA==",
      "dependencies": [
        "balanced-match"
      ]
    },
    "buffer-builder@0.2.0": {
      "integrity": "sha512-7VPMEPuYznPSoR21NE1zvd2Xna6c/CloiZCfcMXR1Jny6PjX0N4Nsa38zcBFo/FMK+BlA+FLKbJCQ0i2yxp+Xg=="
    },
    "chart.js@4.4.7": {
      "integrity": "sha512-pwkcKfdzTMAU/+jNosKhNL2bHtJc/sSmYgVbuGTEDhzkrhmyihmP7vUc/5ZK9WopidMDHNe3Wm7jOd/WhuHWuw==",
      "dependencies": [
        "@kurkle/color"
      ]
    },
    "colorjs.io@0.5.2": {
      "integrity": "sha512-twmVoizEW7ylZSN32OgKdXRmo1qg+wT5/6C3xu5b9QsWzSFAhHLn2xd8ro0diCsKfCj1RdaTP/nrcW+vAoQPIw=="
    },
    "csstype@3.1.3": {
      "integrity": "sha512-M1uQkMl8rQK/szD0LNhtqxIPLpimGm8sOBwU7lLnCpSbTyY3yeU1Vc7l4KT5zT4s/yOxHH5O7tIuuLOCnLADRw=="
    },
    "de-indent@1.0.2": {
      "integrity": "sha512-e/1zu3xH5MQryN2zdVaF0OrdNLUbvWxzMbi+iNA6Bky7l1RoP8a2fIbRocyHclXt/arDrrR6lL3TqFD9pMQTsg=="
    },
    "entities@4.5.0": {
      "integrity": "sha512-V0hjH4dGPh9Ao5p0MoRY6BVqtwCjhz6vI5LT8AJ55H+4g9/4vbHx1I54fS0XuclLhDHArPQCiMjDxjaL8fPxhw=="
    },
    "esbuild@0.21.5": {
      "integrity": "sha512-mg3OPMV4hXywwpoDxu3Qda5xCKQi+vCTZq8S9J/EpkhB2HzKXq4SNFZE3+NK93JYxc8VMSep+lOUSC/RVKaBqw==",
      "dependencies": [
        "@esbuild/aix-ppc64",
        "@esbuild/android-arm",
        "@esbuild/android-arm64",
        "@esbuild/android-x64",
        "@esbuild/darwin-arm64",
        "@esbuild/darwin-x64",
        "@esbuild/freebsd-arm64",
        "@esbuild/freebsd-x64",
        "@esbuild/linux-arm",
        "@esbuild/linux-arm64",
        "@esbuild/linux-ia32",
        "@esbuild/linux-loong64",
        "@esbuild/linux-mips64el",
        "@esbuild/linux-ppc64",
        "@esbuild/linux-riscv64",
        "@esbuild/linux-s390x",
        "@esbuild/linux-x64",
        "@esbuild/netbsd-x64",
        "@esbuild/openbsd-x64",
        "@esbuild/sunos-x64",
        "@esbuild/win32-arm64",
        "@esbuild/win32-ia32",
        "@esbuild/win32-x64"
      ]
    },
    "estree-walker@2.0.2": {
      "integrity": "sha512-Rfkk/Mp/DL7JVje3u18FxFujQlTNR2q6QfMSMB7AvCBx91NGj/ba3kCfza0f6dVDbw7YlRf/nDrn7pQrCCyQ/w=="
    },
    "fsevents@2.3.3": {
      "integrity": "sha512-5xoDfX+fL7faATnagmWPpbFtwh/R77WmMMqqHGS65C3vvB0YHrgF+B1YmZ3441tMj5n63k0212XNoJwzlhffQw=="
    },
    "has-flag@4.0.0": {
      "integrity": "sha512-EykJT/Q1KjTWctppgIAgfSO0tKVuZUjhgMr17kqTumMl6Afv3EISleU7qZUzoXDFTAHTDC4NOoG/ZxU3EvlMPQ=="
    },
    "he@1.2.0": {
      "integrity": "sha512-F/1DnUGPopORZi0ni+CvrCgHQ5FyEAHRLSApuYWMmrbSwoN2Mn/7k+Gl38gJnR7yyDZk6WLXwiGod1JOWNDKGw=="
    },
    "immutable@5.0.3": {
      "integrity": "sha512-P8IdPQHq3lA1xVeBRi5VPqUm5HDgKnx0Ru51wZz5mjxHr5n3RWhjIpOFU7ybkUxfB+5IToy+OLaHYDBIWsv+uw=="
    },
    "magic-string@0.30.17": {
      "integrity": "sha512-sNPKHvyjVf7gyjwS4xGTaW/mCnF8wnjtifKBEhxfZ7E/S8tQ0rssrwGNn6q8JH/ohItJfSQp9mBtQYuTlH5QnA==",
      "dependencies": [
        "@jridgewell/sourcemap-codec"
      ]
    },
    "minimatch@9.0.5": {
      "integrity": "sha512-G6T0ZX48xgozx7587koeX9Ys2NYy6Gmv//P89sEte9V9whIapMNF4idKxnW2QtCcLiTWlb/wfCabAtAFWhhBow==",
      "dependencies": [
        "brace-expansion"
      ]
    },
    "muggle-string@0.4.1": {
      "integrity": "sha512-VNTrAak/KhO2i8dqqnqnAHOa3cYBwXEZe9h+D5h/1ZqFSTEFHdM65lR7RoIqq3tBBYavsOXV84NoHXZ0AkPyqQ=="
    },
    "nanoid@3.3.8": {
      "integrity": "sha512-WNLf5Sd8oZxOm+TzppcYk8gVOgP+l58xNy58D0nbUnOxOWRWvlcCV4kUF7ltmI6PsrLl/BgKEyS4mqsGChFN0w=="
    },
    "path-browserify@1.0.1": {
      "integrity": "sha512-b7uo2UCUOYZcnF/3ID0lulOJi/bafxa1xPe7ZPsammBSpjSWQkjNxlt635YGS2MiR9GjvuXCtz2emr3jbsz98g=="
    },
    "picocolors@1.1.1": {
      "integrity": "sha512-xceH2snhtb5M9liqDsmEw56le376mTZkEX/jEb/RxNFyegNul7eNslCXP9FDj/Lcu0X8KEyMceP2ntpaHrDEVA=="
    },
    "postcss@8.4.49": {
      "integrity": "sha512-OCVPnIObs4N29kxTjzLfUryOkvZEq+pf8jTF0lg8E7uETuWHA+v7j3c/xJmiqpX450191LlmZfUKkXxkTry7nA==",
      "dependencies": [
        "nanoid",
        "picocolors",
        "source-map-js"
      ]
    },
    "primeicons@7.0.0": {
      "integrity": "sha512-jK3Et9UzwzTsd6tzl2RmwrVY/b8raJ3QZLzoDACj+oTJ0oX7L9Hy+XnVwgo4QVKlKpnP/Ur13SXV/pVh4LzaDw=="
    },
    "primevue@4.2.5_vue@3.5.13__typescript@5.6.3_typescript@5.6.3": {
      "integrity": "sha512-7UMOIJvdFz4jQyhC76yhNdSlHtXvVpmE2JSo2ndUTBWjWJOkYyT562rQ4ayO+bMdJLtzBGqgY64I9ZfEvNd7vQ==",
      "dependencies": [
        "@primeuix/styled",
        "@primeuix/utils",
        "@primevue/core",
        "@primevue/icons"
      ]
    },
    "rollup@4.29.1": {
      "integrity": "sha512-RaJ45M/kmJUzSWDs1Nnd5DdV4eerC98idtUOVr6FfKcgxqvjwHmxc5upLF9qZU9EpsVzzhleFahrT3shLuJzIw==",
      "dependencies": [
        "@rollup/rollup-android-arm-eabi",
        "@rollup/rollup-android-arm64",
        "@rollup/rollup-darwin-arm64",
        "@rollup/rollup-darwin-x64",
        "@rollup/rollup-freebsd-arm64",
        "@rollup/rollup-freebsd-x64",
        "@rollup/rollup-linux-arm-gnueabihf",
        "@rollup/rollup-linux-arm-musleabihf",
        "@rollup/rollup-linux-arm64-gnu",
        "@rollup/rollup-linux-arm64-musl",
        "@rollup/rollup-linux-loongarch64-gnu",
        "@rollup/rollup-linux-powerpc64le-gnu",
        "@rollup/rollup-linux-riscv64-gnu",
        "@rollup/rollup-linux-s390x-gnu",
        "@rollup/rollup-linux-x64-gnu",
        "@rollup/rollup-linux-x64-musl",
        "@rollup/rollup-win32-arm64-msvc",
        "@rollup/rollup-win32-ia32-msvc",
        "@rollup/rollup-win32-x64-msvc",
        "@types/estree",
        "fsevents"
      ]
    },
    "rxjs@7.8.1": {
      "integrity": "sha512-AA3TVj+0A2iuIoQkWEK/tqFjBq2j+6PO6Y0zJcvzLAFhEFIO3HL0vls9hWLncZbAAbK0mar7oZ4V079I/qPMxg==",
      "dependencies": [
        "tslib"
      ]
    },
    "sass-embedded-android-arm64@1.83.4": {
      "integrity": "sha512-tgX4FzmbVqnQmD67ZxQDvI+qFNABrboOQgwsG05E5bA/US42zGajW9AxpECJYiMXVOHmg+d81ICbjb0fsVHskw=="
    },
    "sass-embedded-android-arm@1.83.4": {
      "integrity": "sha512-9Z4pJAOgEkXa3VDY/o+U6l5XvV0mZTJcSl0l/mSPHihjAHSpLYnOW6+KOWeM8dxqrsqTYcd6COzhanI/a++5Gw=="
    },
    "sass-embedded-android-ia32@1.83.4": {
      "integrity": "sha512-RsFOziFqPcfZXdFRULC4Ayzy9aK6R6FwQ411broCjlOBX+b0gurjRadkue3cfUEUR5mmy0KeCbp7zVKPLTK+5Q=="
    },
    "sass-embedded-android-riscv64@1.83.4": {
      "integrity": "sha512-EHwh0nmQarBBrMRU928eTZkFGx19k/XW2YwbPR4gBVdWLkbTgCA5aGe8hTE6/1zStyx++3nDGvTZ78+b/VvvLg=="
    },
    "sass-embedded-android-x64@1.83.4": {
      "integrity": "sha512-0PgQNuPWYy1jEOEPDVsV89KfqOsMLIp9CSbjBY7jRcwRhyVAcigqrUG6bDeNtojHUYKA1kU+Eh/85WxOHUOgBw=="
    },
    "sass-embedded-darwin-arm64@1.83.4": {
      "integrity": "sha512-rp2ywymWc3nymnSnAFG5R/8hvxWCsuhK3wOnD10IDlmNB7o4rzKby1c+2ZfpQGowlYGWsWWTgz8FW2qzmZsQRw=="
    },
    "sass-embedded-darwin-x64@1.83.4": {
      "integrity": "sha512-kLkN2lXz9PCgGfDS8Ev5YVcl/V2173L6379en/CaFuJJi7WiyPgBymW7hOmfCt4uO4R1y7CP2Uc08DRtZsBlAA=="
    },
    "sass-embedded-linux-arm64@1.83.4": {
      "integrity": "sha512-E0zjsZX2HgESwyqw31EHtI39DKa7RgK7nvIhIRco1d0QEw227WnoR9pjH3M/ZQy4gQj3GKilOFHM5Krs/omeIA=="
    },
    "sass-embedded-linux-arm@1.83.4": {
      "integrity": "sha512-nL90ryxX2lNmFucr9jYUyHHx21AoAgdCL1O5Ltx2rKg2xTdytAGHYo2MT5S0LIeKLa/yKP/hjuSvrbICYNDvtA=="
    },
    "sass-embedded-linux-ia32@1.83.4": {
      "integrity": "sha512-ew5HpchSzgAYbQoriRh8QhlWn5Kw2nQ2jHoV9YLwGKe3fwwOWA0KDedssvDv7FWnY/FCqXyymhLd6Bxae4Xquw=="
    },
    "sass-embedded-linux-musl-arm64@1.83.4": {
      "integrity": "sha512-IzMgalf6MZOxgp4AVCgsaWAFDP/IVWOrgVXxkyhw29fyAEoSWBJH4k87wyPhEtxSuzVHLxKNbc8k3UzdWmlBFg=="
    },
    "sass-embedded-linux-musl-arm@1.83.4": {
      "integrity": "sha512-0RrJRwMrmm+gG0VOB5b5Cjs7Sd+lhqpQJa6EJNEaZHljJokEfpE5GejZsGMRMIQLxEvVphZnnxl6sonCGFE/QQ=="
    },
    "sass-embedded-linux-musl-ia32@1.83.4": {
      "integrity": "sha512-LLb4lYbcxPzX4UaJymYXC+WwokxUlfTJEFUv5VF0OTuSsHAGNRs/rslPtzVBTvMeG9TtlOQDhku1F7G6iaDotA=="
    },
    "sass-embedded-linux-musl-riscv64@1.83.4": {
      "integrity": "sha512-zoKlPzD5Z13HKin1UGR74QkEy+kZEk2AkGX5RelRG494mi+IWwRuWCppXIovor9+BQb9eDWPYPoMVahwN5F7VA=="
    },
    "sass-embedded-linux-musl-x64@1.83.4": {
      "integrity": "sha512-hB8+/PYhfEf2zTIcidO5Bpof9trK6WJjZ4T8g2MrxQh8REVtdPcgIkoxczRynqybf9+fbqbUwzXtiUao2GV+vQ=="
    },
    "sass-embedded-linux-riscv64@1.83.4": {
      "integrity": "sha512-83fL4n+oeDJ0Y4KjASmZ9jHS1Vl9ESVQYHMhJE0i4xDi/P3BNarm2rsKljq/QtrwGpbqwn8ujzOu7DsNCMDSHA=="
    },
    "sass-embedded-linux-x64@1.83.4": {
      "integrity": "sha512-NlnGdvCmTD5PK+LKXlK3sAuxOgbRIEoZfnHvxd157imCm/s2SYF/R28D0DAAjEViyI8DovIWghgbcqwuertXsA=="
    },
    "sass-embedded-win32-arm64@1.83.4": {
      "integrity": "sha512-J2BFKrEaeSrVazU2qTjyQdAk+MvbzJeTuCET0uAJEXSKtvQ3AzxvzndS7LqkDPbF32eXAHLw8GVpwcBwKbB3Uw=="
    },
    "sass-embedded-win32-ia32@1.83.4": {
      "integrity": "sha512-uPAe9T/5sANFhJS5dcfAOhOJy8/l2TRYG4r+UO3Wp4yhqbN7bggPvY9c7zMYS0OC8tU/bCvfYUDFHYMCl91FgA=="
    },
    "sass-embedded-win32-x64@1.83.4": {
      "integrity": "sha512-C9fkDY0jKITdJFij4UbfPFswxoXN9O/Dr79v17fJnstVwtUojzVJWKHUXvF0Zg2LIR7TCc4ju3adejKFxj7ueA=="
    },
    "sass-embedded@1.83.4": {
      "integrity": "sha512-Hf2burRA/y5PGxsg6jB9UpoK/xZ6g/pgrkOcdl6j+rRg1Zj8XhGKZ1MTysZGtTPUUmiiErqzkP5+Kzp95yv9GQ==",
      "dependencies": [
        "@bufbuild/protobuf",
        "buffer-builder",
        "colorjs.io",
        "immutable",
        "rxjs",
        "sass-embedded-android-arm",
        "sass-embedded-android-arm64",
        "sass-embedded-android-ia32",
        "sass-embedded-android-riscv64",
        "sass-embedded-android-x64",
        "sass-embedded-darwin-arm64",
        "sass-embedded-darwin-x64",
        "sass-embedded-linux-arm",
        "sass-embedded-linux-arm64",
        "sass-embedded-linux-ia32",
        "sass-embedded-linux-musl-arm",
        "sass-embedded-linux-musl-arm64",
        "sass-embedded-linux-musl-ia32",
        "sass-embedded-linux-musl-riscv64",
        "sass-embedded-linux-musl-x64",
        "sass-embedded-linux-riscv64",
        "sass-embedded-linux-x64",
        "sass-embedded-win32-arm64",
        "sass-embedded-win32-ia32",
        "sass-embedded-win32-x64",
        "supports-color",
        "sync-child-process",
        "varint"
      ]
    },
    "source-map-js@1.2.1": {
      "integrity": "sha512-UXWMKhLOwVKb728IUtQPXxfYU+usdybtUrK/8uGE8CQMvrhOpwvzDBwj0QhSL7MQc7vIsISBG8VQ8+IDQxpfQA=="
    },
    "supports-color@8.1.1": {
      "integrity": "sha512-MpUEN2OodtUzxvKQl72cUF7RQ5EiHsGvSsVG0ia9c5RbWGL2CI4C7EpPS8UTBIplnlzZiNuV56w+FuNxy3ty2Q==",
      "dependencies": [
        "has-flag"
      ]
    },
    "sync-child-process@1.0.2": {
      "integrity": "sha512-8lD+t2KrrScJ/7KXCSyfhT3/hRq78rC0wBFqNJXv3mZyn6hW2ypM05JmlSvtqRbeq6jqA94oHbxAr2vYsJ8vDA==",
      "dependencies": [
        "sync-message-port"
      ]
    },
    "sync-message-port@1.1.3": {
      "integrity": "sha512-GTt8rSKje5FilG+wEdfCkOcLL7LWqpMlr2c3LRuKt/YXxcJ52aGSbGBAdI4L3aaqfrBt6y711El53ItyH1NWzg=="
    },
    "tslib@2.8.1": {
      "integrity": "sha512-oJFu94HQb+KVduSUQL7wnpmqnfmLsOA/nAh6b6EH0wCEoK0/mPeXU6c3wKDV83MkOuHPRHtSXKKU99IBazS/2w=="
    },
    "typescript@5.6.3": {
      "integrity": "sha512-hjcS1mhfuyi4WW8IWtjP7brDrG2cuDZukyrYrSauoXGNgx0S7zceP07adYkJycEr56BOUTNPzbInooiN3fn1qw=="
    },
    "varint@6.0.0": {
      "integrity": "sha512-cXEIW6cfr15lFv563k4GuVuW/fiwjknytD37jIOLSdSWuOI6WnO/oKwmP2FQTU2l01LP8/M5TSAJpzUaGe3uWg=="
    },
    "vite@5.4.11": {
      "integrity": "sha512-c7jFQRklXua0mTzneGW9QVyxFjUgwcihC4bXEtujIo2ouWCe1Ajt/amn2PCxYnhYfd5k09JX3SB7OYWFKYqj8Q==",
      "dependencies": [
        "esbuild",
        "fsevents",
        "postcss",
        "rollup"
      ]
    },
    "vscode-uri@3.0.8": {
      "integrity": "sha512-AyFQ0EVmsOZOlAnxoFOGOq1SQDWAB7C6aqMGS23svWAllfOaxbuFvcT8D1i8z3Gyn8fraVeZNNmN6e9bxxXkKw=="
    },
    "vue-tsc@2.2.0_typescript@5.6.3": {
      "integrity": "sha512-gtmM1sUuJ8aSb0KoAFmK9yMxb8TxjewmxqTJ1aKphD5Cbu0rULFY6+UQT51zW7SpUcenfPUuflKyVwyx9Qdnxg==",
      "dependencies": [
        "@volar/typescript",
        "@vue/language-core",
        "typescript"
      ]
    },
    "vue@3.5.13_typescript@5.6.3": {
      "integrity": "sha512-wmeiSMxkZCSc+PM2w2VRsOYAZC8GdipNFRTsLSfodVqI9mbejKeXEGr8SckuLnrQPGe3oJN5c3K0vpoU9q/wCQ==",
      "dependencies": [
        "@vue/compiler-dom",
        "@vue/compiler-sfc",
        "@vue/runtime-dom",
        "@vue/server-renderer",
        "@vue/shared",
        "typescript"
      ]
    },
    "vuex@4.1.0_vue@3.5.13__typescript@5.6.3_typescript@5.6.3": {
      "integrity": "sha512-hmV6UerDrPcgbSy9ORAtNXDr9M4wlNP4pEFKye4ujJF8oqgFFuxDCdOLS3eNoRTtq5O3hoBDh9Doj1bQMYHRbQ==",
      "dependencies": [
        "@vue/devtools-api",
        "vue"
      ]
    }
  },
  "workspace": {
    "packageJson": {
      "dependencies": [
        "npm:@primevue/core@^4.2.5",
        "npm:@primevue/themes@^4.2.5",
        "npm:@vitejs/plugin-vue@^5.1.4",
        "npm:chart.js@^4.4.7",
        "npm:primeicons@7",
        "npm:primevue@^4.2.5",
        "npm:sass-embedded@^1.83.4",
        "npm:typescript@~5.6.2",
        "npm:vite@^5.4.10",
        "npm:vue-tsc@^2.1.8",
        "npm:vue@^3.5.12",
        "npm:vuex@^4.1.0"
      ]
    }
  }
}
